
Microsoft Visual Studio Solution File, Format Version 12.00
# Visual Studio Version 17
VisualStudioVersion = 17.9.34407.89
MinimumVisualStudioVersion = 10.0.40219.1
Project("{9A19103F-16F7-4668-BE54-9A1E7A4F7556}") = "Shell11", "Shell11\Shell11.csproj", "{B787B6B0-1D4F-461B-B7E7-B19642158198}"
EndProject
Project("{9A19103F-16F7-4668-BE54-9A1E7A4F7556}") = "Shell11.Common", "Shell11.Common\Shell11.Common.csproj", "{30556A45-126A-400A-9DDE-897ED52358CC}"
EndProject
Project("{9A19103F-16F7-4668-BE54-9A1E7A4F7556}") = "Shell11.MenuBarExtensions", "Shell11.MenuBarExtensions\Shell11.MenuBarExtensions.csproj", "{3322886F-964A-47DC-939F-D35C2459C849}"
EndProject
Project("{9A19103F-16F7-4668-BE54-9A1E7A4F7556}") = "Komorebi.Shell11Extensions", "Komorebi.Shell11Extensions\Komorebi.Shell11Extensions.csproj", "{0DF0AF10-9DC1-4254-A652-F6047E863E4B}"
EndProject
Project("{9A19103F-16F7-4668-BE54-9A1E7A4F7556}") = "AppGrabber", "AppGrabber\AppGrabber.csproj", "{6A8B834B-E9B3-41FD-99A3-2C9563E76BE6}"
EndProject
Project("{2150E333-8FDC-42A3-9474-1A3956D46DE8}") = "Misc", "Misc", "{63AF75CE-2D1F-42E3-B84B-935B218EA025}"
EndProject
Project("{2150E333-8FDC-42A3-9474-1A3956D46DE8}") = "App", "App", "{475C2FA8-259E-4222-9DE7-FFCAED4F004D}"
EndProject
Project("{2150E333-8FDC-42A3-9474-1A3956D46DE8}") = "Extensions", "Extensions", "{73A97E01-AA51-47D8-8C36-5FBD606F8DB3}"
EndProject
Project("{9A19103F-16F7-4668-BE54-9A1E7A4F7556}") = "GlazeWM.Shell11Extensions", "GlazeWM.Shell11Extensions\GlazeWM.Shell11Extensions.csproj", "{CEB40D28-32B2-4A3E-B5FB-9F8A21583DA7}"
EndProject
Project("{FAE04EC0-301F-11D3-BF4B-00C04F79EFBC}") = "TestProject1", "TestProject1\TestProject1.csproj", "{6B83F2DF-7362-4E6C-90BE-35BE8543E5EF}"
EndProject
Global
	GlobalSection(SolutionConfigurationPlatforms) = preSolution
		Debug|Any CPU = Debug|Any CPU
		Debug|ARM64 = Debug|ARM64
		Debug|x64 = Debug|x64
		Release|Any CPU = Release|Any CPU
		Release|ARM64 = Release|ARM64
		Release|x64 = Release|x64
	EndGlobalSection
	GlobalSection(ProjectConfigurationPlatforms) = postSolution
		{B787B6B0-1D4F-461B-B7E7-B19642158198}.Debug|Any CPU.ActiveCfg = Debug|Any CPU
		{B787B6B0-1D4F-461B-B7E7-B19642158198}.Debug|Any CPU.Build.0 = Debug|Any CPU
		{B787B6B0-1D4F-461B-B7E7-B19642158198}.Debug|ARM64.ActiveCfg = Debug|Any CPU
		{B787B6B0-1D4F-461B-B7E7-B19642158198}.Debug|ARM64.Build.0 = Debug|Any CPU
		{B787B6B0-1D4F-461B-B7E7-B19642158198}.Debug|x64.ActiveCfg = Debug|Any CPU
		{B787B6B0-1D4F-461B-B7E7-B19642158198}.Debug|x64.Build.0 = Debug|Any CPU
		{B787B6B0-1D4F-461B-B7E7-B19642158198}.Release|Any CPU.ActiveCfg = Release|Any CPU
		{B787B6B0-1D4F-461B-B7E7-B19642158198}.Release|Any CPU.Build.0 = Release|Any CPU
		{B787B6B0-1D4F-461B-B7E7-B19642158198}.Release|ARM64.ActiveCfg = Release|Any CPU
		{B787B6B0-1D4F-461B-B7E7-B19642158198}.Release|ARM64.Build.0 = Release|Any CPU
		{B787B6B0-1D4F-461B-B7E7-B19642158198}.Release|x64.ActiveCfg = Release|Any CPU
		{B787B6B0-1D4F-461B-B7E7-B19642158198}.Release|x64.Build.0 = Release|Any CPU
		{30556A45-126A-400A-9DDE-897ED52358CC}.Debug|Any CPU.ActiveCfg = Debug|Any CPU
		{30556A45-126A-400A-9DDE-897ED52358CC}.Debug|Any CPU.Build.0 = Debug|Any CPU
		{30556A45-126A-400A-9DDE-897ED52358CC}.Debug|ARM64.ActiveCfg = Debug|Any CPU
		{30556A45-126A-400A-9DDE-897ED52358CC}.Debug|ARM64.Build.0 = Debug|Any CPU
		{30556A45-126A-400A-9DDE-897ED52358CC}.Debug|x64.ActiveCfg = Debug|Any CPU
		{30556A45-126A-400A-9DDE-897ED52358CC}.Debug|x64.Build.0 = Debug|Any CPU
		{30556A45-126A-400A-9DDE-897ED52358CC}.Release|Any CPU.ActiveCfg = Release|Any CPU
		{30556A45-126A-400A-9DDE-897ED52358CC}.Release|Any CPU.Build.0 = Release|Any CPU
		{30556A45-126A-400A-9DDE-897ED52358CC}.Release|ARM64.ActiveCfg = Release|Any CPU
		{30556A45-126A-400A-9DDE-897ED52358CC}.Release|ARM64.Build.0 = Release|Any CPU
		{30556A45-126A-400A-9DDE-897ED52358CC}.Release|x64.ActiveCfg = Release|Any CPU
		{30556A45-126A-400A-9DDE-897ED52358CC}.Release|x64.Build.0 = Release|Any CPU
		{3322886F-964A-47DC-939F-D35C2459C849}.Debug|Any CPU.ActiveCfg = Debug|Any CPU
		{3322886F-964A-47DC-939F-D35C2459C849}.Debug|Any CPU.Build.0 = Debug|Any CPU
		{3322886F-964A-47DC-939F-D35C2459C849}.Debug|ARM64.ActiveCfg = Debug|Any CPU
		{3322886F-964A-47DC-939F-D35C2459C849}.Debug|ARM64.Build.0 = Debug|Any CPU
		{3322886F-964A-47DC-939F-D35C2459C849}.Debug|x64.ActiveCfg = Debug|Any CPU
		{3322886F-964A-47DC-939F-D35C2459C849}.Debug|x64.Build.0 = Debug|Any CPU
		{3322886F-964A-47DC-939F-D35C2459C849}.Release|Any CPU.ActiveCfg = Release|Any CPU
		{3322886F-964A-47DC-939F-D35C2459C849}.Release|Any CPU.Build.0 = Release|Any CPU
		{3322886F-964A-47DC-939F-D35C2459C849}.Release|ARM64.ActiveCfg = Release|Any CPU
		{3322886F-964A-47DC-939F-D35C2459C849}.Release|ARM64.Build.0 = Release|Any CPU
		{3322886F-964A-47DC-939F-D35C2459C849}.Release|x64.ActiveCfg = Release|Any CPU
		{3322886F-964A-47DC-939F-D35C2459C849}.Release|x64.Build.0 = Release|Any CPU
		{0DF0AF10-9DC1-4254-A652-F6047E863E4B}.Debug|Any CPU.ActiveCfg = Debug|Any CPU
		{0DF0AF10-9DC1-4254-A652-F6047E863E4B}.Debug|Any CPU.Build.0 = Debug|Any CPU
		{0DF0AF10-9DC1-4254-A652-F6047E863E4B}.Debug|ARM64.ActiveCfg = Debug|Any CPU
		{0DF0AF10-9DC1-4254-A652-F6047E863E4B}.Debug|ARM64.Build.0 = Debug|Any CPU
		{0DF0AF10-9DC1-4254-A652-F6047E863E4B}.Debug|x64.ActiveCfg = Debug|Any CPU
		{0DF0AF10-9DC1-4254-A652-F6047E863E4B}.Debug|x64.Build.0 = Debug|Any CPU
		{0DF0AF10-9DC1-4254-A652-F6047E863E4B}.Release|Any CPU.ActiveCfg = Release|Any CPU
		{0DF0AF10-9DC1-4254-A652-F6047E863E4B}.Release|Any CPU.Build.0 = Release|Any CPU
		{0DF0AF10-9DC1-4254-A652-F6047E863E4B}.Release|ARM64.ActiveCfg = Release|Any CPU
		{0DF0AF10-9DC1-4254-A652-F6047E863E4B}.Release|ARM64.Build.0 = Release|Any CPU
		{0DF0AF10-9DC1-4254-A652-F6047E863E4B}.Release|x64.ActiveCfg = Release|Any CPU
		{0DF0AF10-9DC1-4254-A652-F6047E863E4B}.Release|x64.Build.0 = Release|Any CPU
		{6A8B834B-E9B3-41FD-99A3-2C9563E76BE6}.Debug|Any CPU.ActiveCfg = Debug|Any CPU
		{6A8B834B-E9B3-41FD-99A3-2C9563E76BE6}.Debug|Any CPU.Build.0 = Debug|Any CPU
		{6A8B834B-E9B3-41FD-99A3-2C9563E76BE6}.Debug|ARM64.ActiveCfg = Debug|Any CPU
		{6A8B834B-E9B3-41FD-99A3-2C9563E76BE6}.Debug|ARM64.Build.0 = Debug|Any CPU
		{6A8B834B-E9B3-41FD-99A3-2C9563E76BE6}.Debug|x64.ActiveCfg = Debug|Any CPU
		{6A8B834B-E9B3-41FD-99A3-2C9563E76BE6}.Debug|x64.Build.0 = Debug|Any CPU
		{6A8B834B-E9B3-41FD-99A3-2C9563E76BE6}.Release|Any CPU.ActiveCfg = Release|Any CPU
		{6A8B834B-E9B3-41FD-99A3-2C9563E76BE6}.Release|Any CPU.Build.0 = Release|Any CPU
		{6A8B834B-E9B3-41FD-99A3-2C9563E76BE6}.Release|ARM64.ActiveCfg = Release|Any CPU
		{6A8B834B-E9B3-41FD-99A3-2C9563E76BE6}.Release|ARM64.Build.0 = Release|Any CPU
		{6A8B834B-E9B3-41FD-99A3-2C9563E76BE6}.Release|x64.ActiveCfg = Release|Any CPU
		{6A8B834B-E9B3-41FD-99A3-2C9563E76BE6}.Release|x64.Build.0 = Release|Any CPU
		{CEB40D28-32B2-4A3E-B5FB-9F8A21583DA7}.Debug|Any CPU.ActiveCfg = Debug|Any CPU
		{CEB40D28-32B2-4A3E-B5FB-9F8A21583DA7}.Debug|Any CPU.Build.0 = Debug|Any CPU
		{CEB40D28-32B2-4A3E-B5FB-9F8A21583DA7}.Debug|ARM64.ActiveCfg = Debug|Any CPU
		{CEB40D28-32B2-4A3E-B5FB-9F8A21583DA7}.Debug|ARM64.Build.0 = Debug|Any CPU
		{CEB40D28-32B2-4A3E-B5FB-9F8A21583DA7}.Debug|x64.ActiveCfg = Debug|Any CPU
		{CEB40D28-32B2-4A3E-B5FB-9F8A21583DA7}.Debug|x64.Build.0 = Debug|Any CPU
		{CEB40D28-32B2-4A3E-B5FB-9F8A21583DA7}.Release|Any CPU.ActiveCfg = Release|Any CPU
		{CEB40D28-32B2-4A3E-B5FB-9F8A21583DA7}.Release|Any CPU.Build.0 = Release|Any CPU
		{CEB40D28-32B2-4A3E-B5FB-9F8A21583DA7}.Release|ARM64.ActiveCfg = Release|Any CPU
		{CEB40D28-32B2-4A3E-B5FB-9F8A21583DA7}.Release|ARM64.Build.0 = Release|Any CPU
		{CEB40D28-32B2-4A3E-B5FB-9F8A21583DA7}.Release|x64.ActiveCfg = Release|Any CPU
		{CEB40D28-32B2-4A3E-B5FB-9F8A21583DA7}.Release|x64.Build.0 = Release|Any CPU
		{6B83F2DF-7362-4E6C-90BE-35BE8543E5EF}.Debug|Any CPU.ActiveCfg = Debug|Any CPU
		{6B83F2DF-7362-4E6C-90BE-35BE8543E5EF}.Debug|Any CPU.Build.0 = Debug|Any CPU
		{6B83F2DF-7362-4E6C-90BE-35BE8543E5EF}.Debug|ARM64.ActiveCfg = Debug|Any CPU
		{6B83F2DF-7362-4E6C-90BE-35BE8543E5EF}.Debug|ARM64.Build.0 = Debug|Any CPU
		{6B83F2DF-7362-4E6C-90BE-35BE8543E5EF}.Debug|x64.ActiveCfg = Debug|Any CPU
		{6B83F2DF-7362-4E6C-90BE-35BE8543E5EF}.Debug|x64.Build.0 = Debug|Any CPU
		{6B83F2DF-7362-4E6C-90BE-35BE8543E5EF}.Release|Any CPU.ActiveCfg = Release|Any CPU
		{6B83F2DF-7362-4E6C-90BE-35BE8543E5EF}.Release|Any CPU.Build.0 = Release|Any CPU
		{6B83F2DF-7362-4E6C-90BE-35BE8543E5EF}.Release|ARM64.ActiveCfg = Release|Any CPU
		{6B83F2DF-7362-4E6C-90BE-35BE8543E5EF}.Release|ARM64.Build.0 = Release|Any CPU
		{6B83F2DF-7362-4E6C-90BE-35BE8543E5EF}.Release|x64.ActiveCfg = Release|Any CPU
		{6B83F2DF-7362-4E6C-90BE-35BE8543E5EF}.Release|x64.Build.0 = Release|Any CPU
	EndGlobalSection
	GlobalSection(SolutionProperties) = preSolution
		HideSolutionNode = FALSE
	EndGlobalSection
	GlobalSection(NestedProjects) = preSolution
		{B787B6B0-1D4F-461B-B7E7-B19642158198} = {475C2FA8-259E-4222-9DE7-FFCAED4F004D}
		{30556A45-126A-400A-9DDE-897ED52358CC} = {475C2FA8-259E-4222-9DE7-FFCAED4F004D}
		{3322886F-964A-47DC-939F-D35C2459C849} = {73A97E01-AA51-47D8-8C36-5FBD606F8DB3}
		{0DF0AF10-9DC1-4254-A652-F6047E863E4B} = {73A97E01-AA51-47D8-8C36-5FBD606F8DB3}
		{6A8B834B-E9B3-41FD-99A3-2C9563E76BE6} = {63AF75CE-2D1F-42E3-B84B-935B218EA025}
		{CEB40D28-32B2-4A3E-B5FB-9F8A21583DA7} = {73A97E01-AA51-47D8-8C36-5FBD606F8DB3}
		{6B83F2DF-7362-4E6C-90BE-35BE8543E5EF} = {63AF75CE-2D1F-42E3-B84B-935B218EA025}
	EndGlobalSection
	GlobalSection(ExtensibilityGlobals) = postSolution
		SolutionGuid = {E94D24C6-934D-42AB-BFE7-15364593B5C9}
	EndGlobalSection
EndGlobal
